
Microsoft Visual Studio Solution File, Format Version 12.00
# Visual Studio Version 16
VisualStudioVersion = 16.0.32929.386
MinimumVisualStudioVersion = 10.0.40219.1
Project("{9A19103F-16F7-4668-BE54-9A1E7A4F7556}") = "ConsoleApp_SystemProgramm_Intro", "ConsoleApp_SystemProgramm_Intro\ConsoleApp_SystemProgramm_Intro.csproj", "{BA4EC0AB-A989-4D4C-B951-243072CD2D0D}"
EndProject
Project("{FAE04EC0-301F-11D3-BF4B-00C04F79EFBC}") = "Wpf_Reader", "Wpf_Reader\Wpf_Reader.csproj", "{E44D9A82-6C55-4DAD-92B3-91FAEC5492B9}"
EndProject
Global
	GlobalSection(SolutionConfigurationPlatforms) = preSolution
		Debug|Any CPU = Debug|Any CPU
		Release|Any CPU = Release|Any CPU
	EndGlobalSection
	GlobalSection(ProjectConfigurationPlatforms) = postSolution
		{BA4EC0AB-A989-4D4C-B951-243072CD2D0D}.Debug|Any CPU.ActiveCfg = Debug|Any CPU
		{BA4EC0AB-A989-4D4C-B951-243072CD2D0D}.Debug|Any CPU.Build.0 = Debug|Any CPU
		{BA4EC0AB-A989-4D4C-B951-243072CD2D0D}.Release|Any CPU.ActiveCfg = Release|Any CPU
		{BA4EC0AB-A989-4D4C-B951-243072CD2D0D}.Release|Any CPU.Build.0 = Release|Any CPU
		{E44D9A82-6C55-4DAD-92B3-91FAEC5492B9}.Debug|Any CPU.ActiveCfg = Debug|Any CPU
		{E44D9A82-6C55-4DAD-92B3-91FAEC5492B9}.Debug|Any CPU.Build.0 = Debug|Any CPU
		{E44D9A82-6C55-4DAD-92B3-91FAEC5492B9}.Release|Any CPU.ActiveCfg = Release|Any CPU
		{E44D9A82-6C55-4DAD-92B3-91FAEC5492B9}.Release|Any CPU.Build.0 = Release|Any CPU
	EndGlobalSection
	GlobalSection(SolutionProperties) = preSolution
		HideSolutionNode = FALSE
	EndGlobalSection
	GlobalSection(ExtensibilityGlobals) = postSolution
		SolutionGuid = {56006D02-071C-48FC-A795-13CA643B5322}
	EndGlobalSection
EndGlobal
